
Microsoft Visual Studio Solution File, Format Version 12.00
# Visual Studio 14
VisualStudioVersion = 14.0.23107.0
MinimumVisualStudioVersion = 10.0.40219.1
Project("{F184B08F-C81C-45F6-A57F-5ABD9991F28F}") = "YouPush-ChromeExtension", "YouPush-ChromeExtension\YouPush-ChromeExtension.vbproj", "{CA1510DB-78E2-4B30-9227-2BEB2BC0EBF4}"
EndProject
Project("{2150E333-8FDC-42A3-9474-1A3956D46DE8}") = "Solution Items", "Solution Items", "{CE3C402A-712A-4401-A14C-9A9C53BA8937}"
	ProjectSection(SolutionItems) = preProject
		background.html = background.html
		Scripts\background.js = Scripts\background.js
		Logo-128x128.png = Logo-128x128.png
		Logo-16x16.png = Logo-16x16.png
		Logo-32x32.png = Logo-32x32.png
		manifest.json = manifest.json
		MessageWindow.html = MessageWindow.html
		popup.html = popup.html
		Scripts\Script.js = Scripts\Script.js
		Style.css = Style.css
		window.html = window.html
	EndProjectSection
EndProject
Global
	GlobalSection(SolutionConfigurationPlatforms) = preSolution
		Debug|Any CPU = Debug|Any CPU
		Release|Any CPU = Release|Any CPU
	EndGlobalSection
	GlobalSection(ProjectConfigurationPlatforms) = postSolution
		{CA1510DB-78E2-4B30-9227-2BEB2BC0EBF4}.Debug|Any CPU.ActiveCfg = Debug|Any CPU
		{CA1510DB-78E2-4B30-9227-2BEB2BC0EBF4}.Debug|Any CPU.Build.0 = Debug|Any CPU
		{CA1510DB-78E2-4B30-9227-2BEB2BC0EBF4}.Release|Any CPU.ActiveCfg = Release|Any CPU
		{CA1510DB-78E2-4B30-9227-2BEB2BC0EBF4}.Release|Any CPU.Build.0 = Release|Any CPU
	EndGlobalSection
	GlobalSection(SolutionProperties) = preSolution
		HideSolutionNode = FALSE
	EndGlobalSection
EndGlobal
